
Microsoft Visual Studio Solution File, Format Version 12.00
# Visual Studio Version 17
VisualStudioVersion = 17.12.35514.174 d17.12
MinimumVisualStudioVersion = 10.0.40219.1
Project("{FAE04EC0-301F-11D3-BF4B-00C04F79EFBC}") = "wls-backend", "wls-backend.csproj", "{580A332B-BA13-4083-8870-DB37BD85ADDA}"
EndProject
Global
	GlobalSection(SolutionConfigurationPlatforms) = preSolution
		Debug|Any CPU = Debug|Any CPU
		Release|Any CPU = Release|Any CPU
	EndGlobalSection
	GlobalSection(ProjectConfigurationPlatforms) = postSolution
		{580A332B-BA13-4083-8870-DB37BD85ADDA}.Debug|Any CPU.ActiveCfg = Debug|Any CPU
		{580A332B-BA13-4083-8870-DB37BD85ADDA}.Debug|Any CPU.Build.0 = Debug|Any CPU
		{580A332B-BA13-4083-8870-DB37BD85ADDA}.Release|Any CPU.ActiveCfg = Release|Any CPU
		{580A332B-BA13-4083-8870-DB37BD85ADDA}.Release|Any CPU.Build.0 = Release|Any CPU
	EndGlobalSection
	GlobalSection(SolutionProperties) = preSolution
		HideSolutionNode = FALSE
	EndGlobalSection
EndGlobal
